// !$*UTF8*$!
{
	archiveVersion = 1;
	classes = {
	};
	objectVersion = 46;
	objects = {

/* Begin PBXBuildFile section */
		947D587B18CA354E0013B8C6 /* Foundation.framework in Frameworks */ = {isa = PBXBuildFile; fileRef = 947D587A18CA354E0013B8C6 /* Foundation.framework */; };
		947D588018CA354E0013B8C6 /* MCTDataCache.h in CopyFiles */ = {isa = PBXBuildFile; fileRef = 947D587F18CA354E0013B8C6 /* MCTDataCache.h */; };
		947D588918CA354E0013B8C6 /* XCTest.framework in Frameworks */ = {isa = PBXBuildFile; fileRef = 947D588818CA354E0013B8C6 /* XCTest.framework */; };
		947D588A18CA354E0013B8C6 /* Foundation.framework in Frameworks */ = {isa = PBXBuildFile; fileRef = 947D587A18CA354E0013B8C6 /* Foundation.framework */; };
		947D588C18CA354E0013B8C6 /* UIKit.framework in Frameworks */ = {isa = PBXBuildFile; fileRef = 947D588B18CA354E0013B8C6 /* UIKit.framework */; };
		947D588F18CA354E0013B8C6 /* libMCTDataCache.a in Frameworks */ = {isa = PBXBuildFile; fileRef = 947D587718CA354E0013B8C6 /* libMCTDataCache.a */; };
		947D589518CA354E0013B8C6 /* InfoPlist.strings in Resources */ = {isa = PBXBuildFile; fileRef = 947D589318CA354E0013B8C6 /* InfoPlist.strings */; };
		947D589718CA354E0013B8C6 /* MCTDataCacheTests.m in Sources */ = {isa = PBXBuildFile; fileRef = 947D589618CA354E0013B8C6 /* MCTDataCacheTests.m */; };
		947D58A318CA36AF0013B8C6 /* MCTDataCacheController.m in Sources */ = {isa = PBXBuildFile; fileRef = 947D58A218CA36AF0013B8C6 /* MCTDataCacheController.m */; };
		947D58A518CA37430013B8C6 /* MCTDataCacheHelperTests.m in Sources */ = {isa = PBXBuildFile; fileRef = 947D58A418CA37430013B8C6 /* MCTDataCacheHelperTests.m */; };
		947D58B118CA42900013B8C6 /* MCTDataCacheFileManager.m in Sources */ = {isa = PBXBuildFile; fileRef = 947D58B018CA42900013B8C6 /* MCTDataCacheFileManager.m */; };
		947D58B618CA43EA0013B8C6 /* MCTDataCacheObject.m in Sources */ = {isa = PBXBuildFile; fileRef = 947D58B518CA43EA0013B8C6 /* MCTDataCacheObject.m */; };
		947D58B818CA47B70013B8C6 /* MCTDataCacheFileManagerTests.m in Sources */ = {isa = PBXBuildFile; fileRef = 947D58B718CA47B70013B8C6 /* MCTDataCacheFileManagerTests.m */; };
		947D58BA18CA4CD30013B8C6 /* MobileCoreServices.framework in Frameworks */ = {isa = PBXBuildFile; fileRef = 947D58B918CA4CD30013B8C6 /* MobileCoreServices.framework */; };
		947D58BB18CA4CDB0013B8C6 /* MobileCoreServices.framework in Frameworks */ = {isa = PBXBuildFile; fileRef = 947D58B918CA4CD30013B8C6 /* MobileCoreServices.framework */; };
		947D58C018CA56D80013B8C6 /* test_song.mp3 in Resources */ = {isa = PBXBuildFile; fileRef = 947D58BF18CA56D80013B8C6 /* test_song.mp3 */; };
		947D58C718CA596F0013B8C6 /* MCTDataCacheMetaData.m in Sources */ = {isa = PBXBuildFile; fileRef = 947D58C618CA596F0013B8C6 /* MCTDataCacheMetaData.m */; };
		947D58C918CA59F70013B8C6 /* MCTDataCacheMetaDataTests.m in Sources */ = {isa = PBXBuildFile; fileRef = 947D58C818CA59F70013B8C6 /* MCTDataCacheMetaDataTests.m */; };
		947D58CD18CA6F520013B8C6 /* MCTDataCacheURLFormatter.m in Sources */ = {isa = PBXBuildFile; fileRef = 947D58CC18CA6F520013B8C6 /* MCTDataCacheURLFormatter.m */; };
		947D58CF18CA6F800013B8C6 /* MCTDataCacheURLFormatterTests.m in Sources */ = {isa = PBXBuildFile; fileRef = 947D58CE18CA6F800013B8C6 /* MCTDataCacheURLFormatterTests.m */; };
		947D58D618CA90050013B8C6 /* MCTDataCacheNetworkRequestHandler.m in Sources */ = {isa = PBXBuildFile; fileRef = 947D58D518CA90050013B8C6 /* MCTDataCacheNetworkRequestHandler.m */; };
/* End PBXBuildFile section */

/* Begin PBXContainerItemProxy section */
		947D588D18CA354E0013B8C6 /* PBXContainerItemProxy */ = {
			isa = PBXContainerItemProxy;
			containerPortal = 947D586F18CA354D0013B8C6 /* Project object */;
			proxyType = 1;
			remoteGlobalIDString = 947D587618CA354E0013B8C6;
			remoteInfo = MCTDataCache;
		};
/* End PBXContainerItemProxy section */

/* Begin PBXCopyFilesBuildPhase section */
		947D587518CA354E0013B8C6 /* CopyFiles */ = {
			isa = PBXCopyFilesBuildPhase;
			buildActionMask = 2147483647;
			dstPath = "include/$(PRODUCT_NAME)";
			dstSubfolderSpec = 16;
			files = (
				947D588018CA354E0013B8C6 /* MCTDataCache.h in CopyFiles */,
			);
			runOnlyForDeploymentPostprocessing = 0;
		};
/* End PBXCopyFilesBuildPhase section */

/* Begin PBXFileReference section */
		947D587718CA354E0013B8C6 /* libMCTDataCache.a */ = {isa = PBXFileReference; explicitFileType = archive.ar; includeInIndex = 0; path = libMCTDataCache.a; sourceTree = BUILT_PRODUCTS_DIR; };
		947D587A18CA354E0013B8C6 /* Foundation.framework */ = {isa = PBXFileReference; lastKnownFileType = wrapper.framework; name = Foundation.framework; path = System/Library/Frameworks/Foundation.framework; sourceTree = SDKROOT; };
		947D587E18CA354E0013B8C6 /* MCTDataCache-Prefix.pch */ = {isa = PBXFileReference; lastKnownFileType = sourcecode.c.h; path = "MCTDataCache-Prefix.pch"; sourceTree = "<group>"; };
		947D587F18CA354E0013B8C6 /* MCTDataCache.h */ = {isa = PBXFileReference; lastKnownFileType = sourcecode.c.h; path = MCTDataCache.h; sourceTree = "<group>"; };
		947D588718CA354E0013B8C6 /* MCTDataCacheTests.xctest */ = {isa = PBXFileReference; explicitFileType = wrapper.cfbundle; includeInIndex = 0; path = MCTDataCacheTests.xctest; sourceTree = BUILT_PRODUCTS_DIR; };
		947D588818CA354E0013B8C6 /* XCTest.framework */ = {isa = PBXFileReference; lastKnownFileType = wrapper.framework; name = XCTest.framework; path = Library/Frameworks/XCTest.framework; sourceTree = DEVELOPER_DIR; };
		947D588B18CA354E0013B8C6 /* UIKit.framework */ = {isa = PBXFileReference; lastKnownFileType = wrapper.framework; name = UIKit.framework; path = Library/Frameworks/UIKit.framework; sourceTree = DEVELOPER_DIR; };
		947D589218CA354E0013B8C6 /* MCTDataCacheTests-Info.plist */ = {isa = PBXFileReference; lastKnownFileType = text.plist.xml; path = "MCTDataCacheTests-Info.plist"; sourceTree = "<group>"; };
		947D589418CA354E0013B8C6 /* en */ = {isa = PBXFileReference; lastKnownFileType = text.plist.strings; name = en; path = en.lproj/InfoPlist.strings; sourceTree = "<group>"; };
		947D589618CA354E0013B8C6 /* MCTDataCacheTests.m */ = {isa = PBXFileReference; lastKnownFileType = sourcecode.c.objc; path = MCTDataCacheTests.m; sourceTree = "<group>"; };
		947D58A018CA35750013B8C6 /* MCTDataCacheHelpers.h */ = {isa = PBXFileReference; lastKnownFileType = sourcecode.c.h; path = MCTDataCacheHelpers.h; sourceTree = "<group>"; };
		947D58A118CA36AF0013B8C6 /* MCTDataCacheController.h */ = {isa = PBXFileReference; fileEncoding = 4; lastKnownFileType = sourcecode.c.h; path = MCTDataCacheController.h; sourceTree = "<group>"; };
		947D58A218CA36AF0013B8C6 /* MCTDataCacheController.m */ = {isa = PBXFileReference; fileEncoding = 4; lastKnownFileType = sourcecode.c.objc; path = MCTDataCacheController.m; sourceTree = "<group>"; };
		947D58A418CA37430013B8C6 /* MCTDataCacheHelperTests.m */ = {isa = PBXFileReference; fileEncoding = 4; lastKnownFileType = sourcecode.c.objc; path = MCTDataCacheHelperTests.m; sourceTree = "<group>"; };
		947D58A618CA3AA70013B8C6 /* MCTDataCacheData.h */ = {isa = PBXFileReference; lastKnownFileType = sourcecode.c.h; path = MCTDataCacheData.h; sourceTree = "<group>"; };
		947D58AF18CA42900013B8C6 /* MCTDataCacheFileManager.h */ = {isa = PBXFileReference; fileEncoding = 4; lastKnownFileType = sourcecode.c.h; path = MCTDataCacheFileManager.h; sourceTree = "<group>"; };
		947D58B018CA42900013B8C6 /* MCTDataCacheFileManager.m */ = {isa = PBXFileReference; fileEncoding = 4; lastKnownFileType = sourcecode.c.objc; path = MCTDataCacheFileManager.m; sourceTree = "<group>"; };
		947D58B418CA43EA0013B8C6 /* MCTDataCacheObject.h */ = {isa = PBXFileReference; fileEncoding = 4; lastKnownFileType = sourcecode.c.h; path = MCTDataCacheObject.h; sourceTree = "<group>"; };
		947D58B518CA43EA0013B8C6 /* MCTDataCacheObject.m */ = {isa = PBXFileReference; fileEncoding = 4; lastKnownFileType = sourcecode.c.objc; path = MCTDataCacheObject.m; sourceTree = "<group>"; };
		947D58B718CA47B70013B8C6 /* MCTDataCacheFileManagerTests.m */ = {isa = PBXFileReference; fileEncoding = 4; lastKnownFileType = sourcecode.c.objc; path = MCTDataCacheFileManagerTests.m; sourceTree = "<group>"; };
		947D58B918CA4CD30013B8C6 /* MobileCoreServices.framework */ = {isa = PBXFileReference; lastKnownFileType = wrapper.framework; name = MobileCoreServices.framework; path = System/Library/Frameworks/MobileCoreServices.framework; sourceTree = SDKROOT; };
		947D58BF18CA56D80013B8C6 /* test_song.mp3 */ = {isa = PBXFileReference; lastKnownFileType = audio.mp3; path = test_song.mp3; sourceTree = "<group>"; };
		947D58C518CA596F0013B8C6 /* MCTDataCacheMetaData.h */ = {isa = PBXFileReference; fileEncoding = 4; lastKnownFileType = sourcecode.c.h; path = MCTDataCacheMetaData.h; sourceTree = "<group>"; };
		947D58C618CA596F0013B8C6 /* MCTDataCacheMetaData.m */ = {isa = PBXFileReference; fileEncoding = 4; lastKnownFileType = sourcecode.c.objc; path = MCTDataCacheMetaData.m; sourceTree = "<group>"; };
		947D58C818CA59F70013B8C6 /* MCTDataCacheMetaDataTests.m */ = {isa = PBXFileReference; fileEncoding = 4; lastKnownFileType = sourcecode.c.objc; path = MCTDataCacheMetaDataTests.m; sourceTree = "<group>"; };
		947D58CB18CA6F520013B8C6 /* MCTDataCacheURLFormatter.h */ = {isa = PBXFileReference; fileEncoding = 4; lastKnownFileType = sourcecode.c.h; path = MCTDataCacheURLFormatter.h; sourceTree = "<group>"; };
		947D58CC18CA6F520013B8C6 /* MCTDataCacheURLFormatter.m */ = {isa = PBXFileReference; fileEncoding = 4; lastKnownFileType = sourcecode.c.objc; path = MCTDataCacheURLFormatter.m; sourceTree = "<group>"; };
		947D58CE18CA6F800013B8C6 /* MCTDataCacheURLFormatterTests.m */ = {isa = PBXFileReference; fileEncoding = 4; lastKnownFileType = sourcecode.c.objc; path = MCTDataCacheURLFormatterTests.m; sourceTree = "<group>"; };
		947D58D418CA90050013B8C6 /* MCTDataCacheNetworkRequestHandler.h */ = {isa = PBXFileReference; fileEncoding = 4; lastKnownFileType = sourcecode.c.h; path = MCTDataCacheNetworkRequestHandler.h; sourceTree = "<group>"; };
		947D58D518CA90050013B8C6 /* MCTDataCacheNetworkRequestHandler.m */ = {isa = PBXFileReference; fileEncoding = 4; lastKnownFileType = sourcecode.c.objc; path = MCTDataCacheNetworkRequestHandler.m; sourceTree = "<group>"; };
/* End PBXFileReference section */

/* Begin PBXFrameworksBuildPhase section */
		947D587418CA354E0013B8C6 /* Frameworks */ = {
			isa = PBXFrameworksBuildPhase;
			buildActionMask = 2147483647;
			files = (
				947D58BA18CA4CD30013B8C6 /* MobileCoreServices.framework in Frameworks */,
				947D587B18CA354E0013B8C6 /* Foundation.framework in Frameworks */,
			);
			runOnlyForDeploymentPostprocessing = 0;
		};
		947D588418CA354E0013B8C6 /* Frameworks */ = {
			isa = PBXFrameworksBuildPhase;
			buildActionMask = 2147483647;
			files = (
				947D58BB18CA4CDB0013B8C6 /* MobileCoreServices.framework in Frameworks */,
				947D588918CA354E0013B8C6 /* XCTest.framework in Frameworks */,
				947D588F18CA354E0013B8C6 /* libMCTDataCache.a in Frameworks */,
				947D588C18CA354E0013B8C6 /* UIKit.framework in Frameworks */,
				947D588A18CA354E0013B8C6 /* Foundation.framework in Frameworks */,
			);
			runOnlyForDeploymentPostprocessing = 0;
		};
/* End PBXFrameworksBuildPhase section */

/* Begin PBXGroup section */
		947D586E18CA354D0013B8C6 = {
			isa = PBXGroup;
			children = (
				947D587C18CA354E0013B8C6 /* MCTDataCache */,
				947D589018CA354E0013B8C6 /* MCTDataCacheTests */,
				947D587918CA354E0013B8C6 /* Frameworks */,
				947D587818CA354E0013B8C6 /* Products */,
			);
			sourceTree = "<group>";
		};
		947D587818CA354E0013B8C6 /* Products */ = {
			isa = PBXGroup;
			children = (
				947D587718CA354E0013B8C6 /* libMCTDataCache.a */,
				947D588718CA354E0013B8C6 /* MCTDataCacheTests.xctest */,
			);
			name = Products;
			sourceTree = "<group>";
		};
		947D587918CA354E0013B8C6 /* Frameworks */ = {
			isa = PBXGroup;
			children = (
				947D58B918CA4CD30013B8C6 /* MobileCoreServices.framework */,
				947D587A18CA354E0013B8C6 /* Foundation.framework */,
				947D588818CA354E0013B8C6 /* XCTest.framework */,
				947D588B18CA354E0013B8C6 /* UIKit.framework */,
			);
			name = Frameworks;
			sourceTree = "<group>";
		};
		947D587C18CA354E0013B8C6 /* MCTDataCache */ = {
			isa = PBXGroup;
			children = (
				947D587F18CA354E0013B8C6 /* MCTDataCache.h */,
				947D58A618CA3AA70013B8C6 /* MCTDataCacheData.h */,
				947D58A118CA36AF0013B8C6 /* MCTDataCacheController.h */,
				947D58A218CA36AF0013B8C6 /* MCTDataCacheController.m */,
				947D58AD18CA42500013B8C6 /* Service Objects */,
				947D587D18CA354E0013B8C6 /* Supporting Files */,
			);
			path = MCTDataCache;
			sourceTree = "<group>";
		};
		947D587D18CA354E0013B8C6 /* Supporting Files */ = {
			isa = PBXGroup;
			children = (
				947D587E18CA354E0013B8C6 /* MCTDataCache-Prefix.pch */,
				947D58A018CA35750013B8C6 /* MCTDataCacheHelpers.h */,
			);
			name = "Supporting Files";
			sourceTree = "<group>";
		};
		947D589018CA354E0013B8C6 /* MCTDataCacheTests */ = {
			isa = PBXGroup;
			children = (
				947D589618CA354E0013B8C6 /* MCTDataCacheTests.m */,
				947D58A418CA37430013B8C6 /* MCTDataCacheHelperTests.m */,
				947D58B718CA47B70013B8C6 /* MCTDataCacheFileManagerTests.m */,
				947D58C818CA59F70013B8C6 /* MCTDataCacheMetaDataTests.m */,
				947D58CE18CA6F800013B8C6 /* MCTDataCacheURLFormatterTests.m */,
				947D589118CA354E0013B8C6 /* Supporting Files */,
			);
			path = MCTDataCacheTests;
			sourceTree = "<group>";
		};
		947D589118CA354E0013B8C6 /* Supporting Files */ = {
			isa = PBXGroup;
			children = (
				947D58BC18CA55F20013B8C6 /* Test Files */,
				947D589218CA354E0013B8C6 /* MCTDataCacheTests-Info.plist */,
				947D589318CA354E0013B8C6 /* InfoPlist.strings */,
			);
			name = "Supporting Files";
			sourceTree = "<group>";
		};
		947D58AD18CA42500013B8C6 /* Service Objects */ = {
			isa = PBXGroup;
			children = (
				947D58D418CA90050013B8C6 /* MCTDataCacheNetworkRequestHandler.h */,
				947D58D518CA90050013B8C6 /* MCTDataCacheNetworkRequestHandler.m */,
				947D58CA18CA6F3B0013B8C6 /* URL Formatter */,
				947D58C118CA59440013B8C6 /* Meta Data */,
				947D58B218CA429D0013B8C6 /* File Manager */,
			);
			name = "Service Objects";
			sourceTree = "<group>";
		};
		947D58B218CA429D0013B8C6 /* File Manager */ = {
			isa = PBXGroup;
			children = (
				947D58AF18CA42900013B8C6 /* MCTDataCacheFileManager.h */,
				947D58B018CA42900013B8C6 /* MCTDataCacheFileManager.m */,
				947D58B418CA43EA0013B8C6 /* MCTDataCacheObject.h */,
				947D58B518CA43EA0013B8C6 /* MCTDataCacheObject.m */,
			);
			name = "File Manager";
			sourceTree = "<group>";
		};
		947D58BC18CA55F20013B8C6 /* Test Files */ = {
			isa = PBXGroup;
			children = (
				947D58BF18CA56D80013B8C6 /* test_song.mp3 */,
			);
			name = "Test Files";
			sourceTree = "<group>";
		};
		947D58C118CA59440013B8C6 /* Meta Data */ = {
			isa = PBXGroup;
			children = (
				947D58C518CA596F0013B8C6 /* MCTDataCacheMetaData.h */,
				947D58C618CA596F0013B8C6 /* MCTDataCacheMetaData.m */,
			);
			name = "Meta Data";
			sourceTree = "<group>";
		};
		947D58CA18CA6F3B0013B8C6 /* URL Formatter */ = {
			isa = PBXGroup;
			children = (
				947D58CB18CA6F520013B8C6 /* MCTDataCacheURLFormatter.h */,
				947D58CC18CA6F520013B8C6 /* MCTDataCacheURLFormatter.m */,
			);
			name = "URL Formatter";
			sourceTree = "<group>";
		};
/* End PBXGroup section */

/* Begin PBXNativeTarget section */
		947D587618CA354E0013B8C6 /* MCTDataCache */ = {
			isa = PBXNativeTarget;
			buildConfigurationList = 947D589A18CA354E0013B8C6 /* Build configuration list for PBXNativeTarget "MCTDataCache" */;
			buildPhases = (
				947D587318CA354E0013B8C6 /* Sources */,
				947D587418CA354E0013B8C6 /* Frameworks */,
				947D587518CA354E0013B8C6 /* CopyFiles */,
			);
			buildRules = (
			);
			dependencies = (
			);
			name = MCTDataCache;
			productName = MCTDataCache;
			productReference = 947D587718CA354E0013B8C6 /* libMCTDataCache.a */;
			productType = "com.apple.product-type.library.static";
		};
		947D588618CA354E0013B8C6 /* MCTDataCacheTests */ = {
			isa = PBXNativeTarget;
			buildConfigurationList = 947D589D18CA354E0013B8C6 /* Build configuration list for PBXNativeTarget "MCTDataCacheTests" */;
			buildPhases = (
				947D588318CA354E0013B8C6 /* Sources */,
				947D588418CA354E0013B8C6 /* Frameworks */,
				947D588518CA354E0013B8C6 /* Resources */,
			);
			buildRules = (
			);
			dependencies = (
				947D588E18CA354E0013B8C6 /* PBXTargetDependency */,
			);
			name = MCTDataCacheTests;
			productName = MCTDataCacheTests;
			productReference = 947D588718CA354E0013B8C6 /* MCTDataCacheTests.xctest */;
			productType = "com.apple.product-type.bundle.unit-test";
		};
/* End PBXNativeTarget section */

/* Begin PBXProject section */
		947D586F18CA354D0013B8C6 /* Project object */ = {
			isa = PBXProject;
			attributes = {
				LastUpgradeCheck = 0800;
				ORGANIZATIONNAME = "Ministry Centered Technology";
			};
			buildConfigurationList = 947D587218CA354D0013B8C6 /* Build configuration list for PBXProject "MCTDataCache" */;
			compatibilityVersion = "Xcode 3.2";
			developmentRegion = English;
			hasScannedForEncodings = 0;
			knownRegions = (
				en,
			);
			mainGroup = 947D586E18CA354D0013B8C6;
			productRefGroup = 947D587818CA354E0013B8C6 /* Products */;
			projectDirPath = "";
			projectRoot = "";
			targets = (
				947D587618CA354E0013B8C6 /* MCTDataCache */,
				947D588618CA354E0013B8C6 /* MCTDataCacheTests */,
			);
		};
/* End PBXProject section */

/* Begin PBXResourcesBuildPhase section */
		947D588518CA354E0013B8C6 /* Resources */ = {
			isa = PBXResourcesBuildPhase;
			buildActionMask = 2147483647;
			files = (
				947D589518CA354E0013B8C6 /* InfoPlist.strings in Resources */,
				947D58C018CA56D80013B8C6 /* test_song.mp3 in Resources */,
			);
			runOnlyForDeploymentPostprocessing = 0;
		};
/* End PBXResourcesBuildPhase section */

/* Begin PBXSourcesBuildPhase section */
		947D587318CA354E0013B8C6 /* Sources */ = {
			isa = PBXSourcesBuildPhase;
			buildActionMask = 2147483647;
			files = (
				947D58C718CA596F0013B8C6 /* MCTDataCacheMetaData.m in Sources */,
				947D58D618CA90050013B8C6 /* MCTDataCacheNetworkRequestHandler.m in Sources */,
				947D58B618CA43EA0013B8C6 /* MCTDataCacheObject.m in Sources */,
				947D58CD18CA6F520013B8C6 /* MCTDataCacheURLFormatter.m in Sources */,
				947D58A318CA36AF0013B8C6 /* MCTDataCacheController.m in Sources */,
				947D58B118CA42900013B8C6 /* MCTDataCacheFileManager.m in Sources */,
			);
			runOnlyForDeploymentPostprocessing = 0;
		};
		947D588318CA354E0013B8C6 /* Sources */ = {
			isa = PBXSourcesBuildPhase;
			buildActionMask = 2147483647;
			files = (
				947D58C918CA59F70013B8C6 /* MCTDataCacheMetaDataTests.m in Sources */,
				947D589718CA354E0013B8C6 /* MCTDataCacheTests.m in Sources */,
				947D58B818CA47B70013B8C6 /* MCTDataCacheFileManagerTests.m in Sources */,
				947D58CF18CA6F800013B8C6 /* MCTDataCacheURLFormatterTests.m in Sources */,
				947D58A518CA37430013B8C6 /* MCTDataCacheHelperTests.m in Sources */,
			);
			runOnlyForDeploymentPostprocessing = 0;
		};
/* End PBXSourcesBuildPhase section */

/* Begin PBXTargetDependency section */
		947D588E18CA354E0013B8C6 /* PBXTargetDependency */ = {
			isa = PBXTargetDependency;
			target = 947D587618CA354E0013B8C6 /* MCTDataCache */;
			targetProxy = 947D588D18CA354E0013B8C6 /* PBXContainerItemProxy */;
		};
/* End PBXTargetDependency section */

/* Begin PBXVariantGroup section */
		947D589318CA354E0013B8C6 /* InfoPlist.strings */ = {
			isa = PBXVariantGroup;
			children = (
				947D589418CA354E0013B8C6 /* en */,
			);
			name = InfoPlist.strings;
			sourceTree = "<group>";
		};
/* End PBXVariantGroup section */

/* Begin XCBuildConfiguration section */
		947D589818CA354E0013B8C6 /* Debug */ = {
			isa = XCBuildConfiguration;
			buildSettings = {
				ALWAYS_SEARCH_USER_PATHS = NO;
				CLANG_CXX_LANGUAGE_STANDARD = "gnu++0x";
				CLANG_CXX_LIBRARY = "libc++";
				CLANG_ENABLE_MODULES = YES;
				CLANG_ENABLE_OBJC_ARC = YES;
				CLANG_WARN_BOOL_CONVERSION = YES;
				CLANG_WARN_CONSTANT_CONVERSION = YES;
				CLANG_WARN_DIRECT_OBJC_ISA_USAGE = YES_ERROR;
				CLANG_WARN_EMPTY_BODY = YES;
				CLANG_WARN_ENUM_CONVERSION = YES;
				CLANG_WARN_INFINITE_RECURSION = YES;
				CLANG_WARN_INT_CONVERSION = YES;
				CLANG_WARN_OBJC_ROOT_CLASS = YES_ERROR;
				CLANG_WARN_SUSPICIOUS_MOVE = YES;
				CLANG_WARN_UNREACHABLE_CODE = YES;
				CLANG_WARN__DUPLICATE_METHOD_MATCH = YES;
				COPY_PHASE_STRIP = NO;
				ENABLE_STRICT_OBJC_MSGSEND = YES;
				ENABLE_TESTABILITY = YES;
				GCC_C_LANGUAGE_STANDARD = gnu99;
				GCC_DYNAMIC_NO_PIC = NO;
				GCC_NO_COMMON_BLOCKS = YES;
				GCC_OPTIMIZATION_LEVEL = 0;
				GCC_PREPROCESSOR_DEFINITIONS = (
					"DEBUG=1",
					"$(inherited)",
				);
				GCC_SYMBOLS_PRIVATE_EXTERN = NO;
				GCC_WARN_64_TO_32_BIT_CONVERSION = YES;
				GCC_WARN_ABOUT_RETURN_TYPE = YES_ERROR;
				GCC_WARN_UNDECLARED_SELECTOR = YES;
				GCC_WARN_UNINITIALIZED_AUTOS = YES;
				GCC_WARN_UNUSED_FUNCTION = YES;
				GCC_WARN_UNUSED_VARIABLE = YES;
				IPHONEOS_DEPLOYMENT_TARGET = 9.3;
				ONLY_ACTIVE_ARCH = YES;
				SDKROOT = iphoneos;
			};
			name = Debug;
		};
		947D589918CA354E0013B8C6 /* Release */ = {
			isa = XCBuildConfiguration;
			buildSettings = {
				ALWAYS_SEARCH_USER_PATHS = NO;
				CLANG_CXX_LANGUAGE_STANDARD = "gnu++0x";
				CLANG_CXX_LIBRARY = "libc++";
				CLANG_ENABLE_MODULES = YES;
				CLANG_ENABLE_OBJC_ARC = YES;
				CLANG_WARN_BOOL_CONVERSION = YES;
				CLANG_WARN_CONSTANT_CONVERSION = YES;
				CLANG_WARN_DIRECT_OBJC_ISA_USAGE = YES_ERROR;
				CLANG_WARN_EMPTY_BODY = YES;
				CLANG_WARN_ENUM_CONVERSION = YES;
				CLANG_WARN_INFINITE_RECURSION = YES;
				CLANG_WARN_INT_CONVERSION = YES;
				CLANG_WARN_OBJC_ROOT_CLASS = YES_ERROR;
				CLANG_WARN_SUSPICIOUS_MOVE = YES;
				CLANG_WARN_UNREACHABLE_CODE = YES;
				CLANG_WARN__DUPLICATE_METHOD_MATCH = YES;
				COPY_PHASE_STRIP = YES;
				ENABLE_NS_ASSERTIONS = NO;
				ENABLE_STRICT_OBJC_MSGSEND = YES;
				GCC_C_LANGUAGE_STANDARD = gnu99;
				GCC_NO_COMMON_BLOCKS = YES;
				GCC_WARN_64_TO_32_BIT_CONVERSION = YES;
				GCC_WARN_ABOUT_RETURN_TYPE = YES_ERROR;
				GCC_WARN_UNDECLARED_SELECTOR = YES;
				GCC_WARN_UNINITIALIZED_AUTOS = YES;
				GCC_WARN_UNUSED_FUNCTION = YES;
				GCC_WARN_UNUSED_VARIABLE = YES;
				IPHONEOS_DEPLOYMENT_TARGET = 9.3;
				SDKROOT = iphoneos;
				VALIDATE_PRODUCT = YES;
			};
			name = Release;
		};
		947D589B18CA354E0013B8C6 /* Debug */ = {
			isa = XCBuildConfiguration;
			buildSettings = {
				DSTROOT = /tmp/MCTDataCache.dst;
				GCC_PRECOMPILE_PREFIX_HEADER = YES;
				GCC_PREFIX_HEADER = "MCTDataCache/MCTDataCache-Prefix.pch";
				IPHONEOS_DEPLOYMENT_TARGET = 8.0;
				OTHER_LDFLAGS = "-ObjC";
				PRODUCT_NAME = "$(TARGET_NAME)";
				SKIP_INSTALL = YES;
			};
			name = Debug;
		};
		947D589C18CA354E0013B8C6 /* Release */ = {
			isa = XCBuildConfiguration;
			buildSettings = {
				DSTROOT = /tmp/MCTDataCache.dst;
				GCC_PRECOMPILE_PREFIX_HEADER = YES;
				GCC_PREFIX_HEADER = "MCTDataCache/MCTDataCache-Prefix.pch";
				IPHONEOS_DEPLOYMENT_TARGET = 8.0;
				OTHER_LDFLAGS = "-ObjC";
				PRODUCT_NAME = "$(TARGET_NAME)";
				SKIP_INSTALL = YES;
			};
			name = Release;
		};
		947D589E18CA354E0013B8C6 /* Debug */ = {
			isa = XCBuildConfiguration;
			buildSettings = {
				FRAMEWORK_SEARCH_PATHS = (
					"$(SDKROOT)/Developer/Library/Frameworks",
					"$(inherited)",
					"$(DEVELOPER_FRAMEWORKS_DIR)",
				);
				GCC_PRECOMPILE_PREFIX_HEADER = YES;
				GCC_PREFIX_HEADER = "MCTDataCache/MCTDataCache-Prefix.pch";
				GCC_PREPROCESSOR_DEFINITIONS = (
					"DEBUG=1",
					"$(inherited)",
				);
				HEADER_SEARCH_PATHS = (
					"$(inherited)",
					/Applications/Xcode.app/Contents/Developer/Toolchains/XcodeDefault.xctoolchain/usr/include,
					"$(SRCROOT)",
				);
				INFOPLIST_FILE = "MCTDataCacheTests/MCTDataCacheTests-Info.plist";
				PRODUCT_BUNDLE_IDENTIFIER = "com.ministrycentered.${PRODUCT_NAME:rfc1034identifier}";
				PRODUCT_NAME = "$(TARGET_NAME)";
				WRAPPER_EXTENSION = xctest;
			};
			name = Debug;
		};
		947D589F18CA354E0013B8C6 /* Release */ = {
			isa = XCBuildConfiguration;
			buildSettings = {
				FRAMEWORK_SEARCH_PATHS = (
					"$(SDKROOT)/Developer/Library/Frameworks",
					"$(inherited)",
					"$(DEVELOPER_FRAMEWORKS_DIR)",
				);
				GCC_PRECOMPILE_PREFIX_HEADER = YES;
				GCC_PREFIX_HEADER = "MCTDataCache/MCTDataCache-Prefix.pch";
				HEADER_SEARCH_PATHS = (
					"$(inherited)",
					/Applications/Xcode.app/Contents/Developer/Toolchains/XcodeDefault.xctoolchain/usr/include,
					"$(SRCROOT)",
				);
				INFOPLIST_FILE = "MCTDataCacheTests/MCTDataCacheTests-Info.plist";
				PRODUCT_BUNDLE_IDENTIFIER = "com.ministrycentered.${PRODUCT_NAME:rfc1034identifier}";
				PRODUCT_NAME = "$(TARGET_NAME)";
				WRAPPER_EXTENSION = xctest;
			};
			name = Release;
		};
/* End XCBuildConfiguration section */

/* Begin XCConfigurationList section */
		947D587218CA354D0013B8C6 /* Build configuration list for PBXProject "MCTDataCache" */ = {
			isa = XCConfigurationList;
			buildConfigurations = (
				947D589818CA354E0013B8C6 /* Debug */,
				947D589918CA354E0013B8C6 /* Release */,
			);
			defaultConfigurationIsVisible = 0;
			defaultConfigurationName = Release;
		};
		947D589A18CA354E0013B8C6 /* Build configuration list for PBXNativeTarget "MCTDataCache" */ = {
			isa = XCConfigurationList;
			buildConfigurations = (
				947D589B18CA354E0013B8C6 /* Debug */,
				947D589C18CA354E0013B8C6 /* Release */,
			);
			defaultConfigurationIsVisible = 0;
			defaultConfigurationName = Release;
		};
		947D589D18CA354E0013B8C6 /* Build configuration list for PBXNativeTarget "MCTDataCacheTests" */ = {
			isa = XCConfigurationList;
			buildConfigurations = (
				947D589E18CA354E0013B8C6 /* Debug */,
				947D589F18CA354E0013B8C6 /* Release */,
			);
			defaultConfigurationIsVisible = 0;
			defaultConfigurationName = Release;
		};
/* End XCConfigurationList section */
	};
	rootObject = 947D586F18CA354D0013B8C6 /* Project object */;
}
